Microsoft Visual Studio Solution File, Format Version 11.00
# Visual C++ Express 2010
Project("{8BC9CEB8-8B4A-11D0-8D11-00A0C91BC942}") = "ocvFaceDetect", "ocvFaceDetect.vcxproj", "{7D94AABE-4BBC-40B9-946B-766DD12F1D17}"
EndProject
Global
	GlobalSection(SolutionConfigurationPlatforms) = preSolution
		Debug|Win32 = Debug|Win32
		Release|Win32 = Release|Win32
	EndGlobalSection
	GlobalSection(ProjectConfigurationPlatforms) = postSolution
		{7D94AABE-4BBC-40B9-946B-766DD12F1D17}.Debug|Win32.ActiveCfg = Debug|Win32
		{7D94AABE-4BBC-40B9-946B-766DD12F1D17}.Debug|Win32.Build.0 = Debug|Win32
		{7D94AABE-4BBC-40B9-946B-766DD12F1D17}.Release|Win32.ActiveCfg = Release|Win32
		{7D94AABE-4BBC-40B9-946B-766DD12F1D17}.Release|Win32.Build.0 = Release|Win32
	EndGlobalSection
	GlobalSection(SolutionProperties) = preSolution
		HideSolutionNode = FALSE
	EndGlobalSection
EndGlobal
